<?xml version="1.0" encoding="utf-8"?>
<Project ToolsVersion="4.0" xmlns="http://schemas.microsoft.com/developer/msbuild/2003">
  <ItemGroup>
    <Filter Include="Source Files">
      <UniqueIdentifier>{4FC737F1-C7A5-4376-A066-2A32D752A2FF}</UniqueIdentifier>
      <Extensions>cpp;c;cc;cxx;c++;cppm;ixx;def;odl;idl;hpj;bat;asm;asmx</Extensions>
    </Filter>
    <Filter Include="Header Files">
      <UniqueIdentifier>{93995380-89BD-4b04-88EB-625FBE52EBFB}</UniqueIdentifier>
      <Extensions>h;hh;hpp;hxx;h++;hm;inl;inc;ipp;xsd</Extensions>
    </Filter>
    <Filter Include="Resource Files">
      <UniqueIdentifier>{67DA6AB6-F800-4c08-8B7A-83BB121AAD01}</UniqueIdentifier>
      <Extensions>rc;ico;cur;bmp;dlg;rc2;rct;bin;rgs;gif;jpg;jpeg;jpe;resx;tiff;tif;png;wav;mfcribbon-ms</Extensions>
    </Filter>
    <Filter Include="RequestHandlers">
      <UniqueIdentifier>{1b25d0fc-6618-4acc-b930-5dd858d13b24}</UniqueIdentifier>
    </Filter>
    <Filter Include="RequestHandlers\CPP">
      <UniqueIdentifier>{cc86b8bb-cdff-4eb5-a366-a7b390f0b29b}</UniqueIdentifier>
    </Filter>
    <Filter Include="RequestHandlers\H">
      <UniqueIdentifier>{baa9d362-b6af-4642-af07-841cbf0be740}</UniqueIdentifier>
    </Filter>
    <Filter Include="Requests">
      <UniqueIdentifier>{db581f40-437f-4f0a-9ed8-dccb4f8dd46a}</UniqueIdentifier>
    </Filter>
    <Filter Include="Requests\CPP">
      <UniqueIdentifier>{d772d9a0-c1bc-4cef-9b8b-bd81892b303e}</UniqueIdentifier>
    </Filter>
    <Filter Include="Requests\H">
      <UniqueIdentifier>{3bb5da21-b73c-412c-828f-c30b4a6690de}</UniqueIdentifier>
    </Filter>
    <Filter Include="Infrastructure">
      <UniqueIdentifier>{d9973f2c-df03-4088-b95b-77be75839148}</UniqueIdentifier>
    </Filter>
    <Filter Include="Misc">
      <UniqueIdentifier>{97bb9653-77a9-4c94-a391-d8f13e1e858c}</UniqueIdentifier>
    </Filter>
    <Filter Include="Managers">
      <UniqueIdentifier>{fea41fd3-5140-4d79-8a03-c08f4e9b1d29}</UniqueIdentifier>
    </Filter>
  </ItemGroup>
  <ItemGroup>
    <ClInclude Include="Json.h">
      <Filter>Header Files</Filter>
    </ClInclude>
    <ClInclude Include="IRequest.h">
      <Filter>Requests\H</Filter>
    </ClInclude>
    <ClInclude Include="RequestHandlerFactory.h">
      <Filter>RequestHandlers\H</Filter>
    </ClInclude>
    <ClInclude Include="RequestFactory.h">
      <Filter>Requests\H</Filter>
    </ClInclude>
    <ClInclude Include="WSAInitializer.h">
      <Filter>Infrastructure</Filter>
    </ClInclude>
    <ClInclude Include="Server.h">
      <Filter>Infrastructure</Filter>
    </ClInclude>
    <ClInclude Include="IDataBase.h">
      <Filter>Infrastructure</Filter>
    </ClInclude>
    <ClInclude Include="Communicator.h">
      <Filter>Infrastructure</Filter>
    </ClInclude>
    <ClInclude Include="JsonResponsePacketSerializer.h">
      <Filter>Misc</Filter>
    </ClInclude>
    <ClInclude Include="JsonRequestPacketDeserializer.h">
      <Filter>Misc</Filter>
    </ClInclude>
    <ClInclude Include="SqliteDataBase.h">
      <Filter>Infrastructure</Filter>
    </ClInclude>
    <ClInclude Include="sqlite3.h">
      <Filter>Header Files</Filter>
    </ClInclude>
    <ClInclude Include="MenuRequestHandler.h">
      <Filter>RequestHandlers\H</Filter>
    </ClInclude>
    <ClInclude Include="RoomRequestHandler.h">
      <Filter>RequestHandlers\H</Filter>
    </ClInclude>
    <ClInclude Include="GameRequestHandler.h">
      <Filter>RequestHandlers\H</Filter>
    </ClInclude>
    <ClInclude Include="IRequestHandler.h">
      <Filter>RequestHandlers\H</Filter>
    </ClInclude>
    <ClInclude Include="LoginRequestHandler.h">
      <Filter>RequestHandlers\H</Filter>
    </ClInclude>
    <ClInclude Include="GameManager.h">
      <Filter>Managers</Filter>
    </ClInclude>
    <ClInclude Include="LoginManager.h">
      <Filter>Managers</Filter>
    </ClInclude>
    <ClInclude Include="RoomManager.h">
      <Filter>Managers</Filter>
    </ClInclude>
    <ClInclude Include="StatisticsManager.h">
      <Filter>Managers</Filter>
    </ClInclude>
    <ClInclude Include="Utils.h">
      <Filter>Source Files</Filter>
    </ClInclude>
    <ClInclude Include="Game.h">
      <Filter>Misc</Filter>
    </ClInclude>
    <ClInclude Include="LoggedUser.h">
      <Filter>Misc</Filter>
    </ClInclude>
    <ClInclude Include="Room.h">
      <Filter>Misc</Filter>
    </ClInclude>
  </ItemGroup>
  <ItemGroup>
    <ClCompile Include="Main.cpp">
      <Filter>Source Files</Filter>
    </ClCompile>
    <ClCompile Include="IRequest.cpp">
      <Filter>Requests\CPP</Filter>
    </ClCompile>
    <ClCompile Include="RequestHandlerFactory.cpp">
      <Filter>RequestHandlers\CPP</Filter>
    </ClCompile>
    <ClCompile Include="RequestFactory.cpp">
      <Filter>Requests\CPP</Filter>
    </ClCompile>
    <ClCompile Include="Communicator.cpp">
      <Filter>Infrastructure</Filter>
    </ClCompile>
    <ClCompile Include="Server.cpp">
      <Filter>Infrastructure</Filter>
    </ClCompile>
    <ClCompile Include="WSAInitializer.cpp">
      <Filter>Infrastructure</Filter>
    </ClCompile>
    <ClCompile Include="JsonRequestPacketDeserializer.cpp">
      <Filter>Misc</Filter>
    </ClCompile>
    <ClCompile Include="JsonResponsePacketSerializer.cpp">
      <Filter>Misc</Filter>
    </ClCompile>
    <ClCompile Include="SqliteDataBase.cpp">
      <Filter>Infrastructure</Filter>
    </ClCompile>
    <ClCompile Include="sqlite3.c">
      <Filter>Source Files</Filter>
    </ClCompile>
    <ClCompile Include="MenuRequestHandler.cpp">
      <Filter>RequestHandlers\CPP</Filter>
    </ClCompile>
    <ClCompile Include="RoomRequestHandler.cpp">
      <Filter>RequestHandlers\CPP</Filter>
    </ClCompile>
    <ClCompile Include="GameRequestHandler.cpp">
      <Filter>RequestHandlers\CPP</Filter>
    </ClCompile>
    <ClCompile Include="IRequestHandler.cpp">
      <Filter>RequestHandlers\CPP</Filter>
    </ClCompile>
    <ClCompile Include="LoginRequestHandler.cpp">
      <Filter>RequestHandlers\CPP</Filter>
    </ClCompile>
    <ClCompile Include="Game.cpp">
      <Filter>Misc</Filter>
    </ClCompile>
    <ClCompile Include="Room.cpp">
      <Filter>Misc</Filter>
    </ClCompile>
    <ClCompile Include="GameManager.cpp">
      <Filter>Managers</Filter>
    </ClCompile>
    <ClCompile Include="LoginManager.cpp">
      <Filter>Managers</Filter>
    </ClCompile>
    <ClCompile Include="RoomManager.cpp">
      <Filter>Managers</Filter>
    </ClCompile>
    <ClCompile Include="StatisticsManager.cpp">
      <Filter>Managers</Filter>
    </ClCompile>
    <ClCompile Include="LoggedUser.cpp">
      <Filter>Misc</Filter>
    </ClCompile>
  </ItemGroup>
</Project>